{
  "nodes": {
    "nixpkgs": {
      "locked": {
        "lastModified": 1750929530,
        "narHash": "sha256-eueP6s34HqX+P7Xuv+x+RgtrDgN0BNCNoKJ1HRFON88=",
        "owner": "NixOS",
        "repo": "nixpkgs",
        "rev": "07db7d95d8c4500f6642cacbe7e8d288734a3079",
        "type": "github"
      },
      "original": {
        "owner": "NixOS",
        "ref": "release-25.05",
        "repo": "nixpkgs",
        "type": "github"
      }
    },
    "root": {
      "inputs": {
        "nixpkgs": "nixpkgs"
      }
    }
  },
  "root": "root",
  "version": 7
}
