{
  "nodes": {
    "nixpkgs": {
      "locked": {
        "lastModified": 1735326919,
        "narHash": "sha256-BZlgs4l9CXAauo78giGCZdazMMk5VZNro7o5SHFUuyE=",
        "owner": "NixOS",
        "repo": "nixpkgs",
        "rev": "8f0aa155aa29f7d2b471aa2ffd322745bf2b2036",
        "type": "github"
      },
      "original": {
        "owner": "NixOS",
        "ref": "release-24.11",
        "repo": "nixpkgs",
        "type": "github"
      }
    },
    "root": {
      "inputs": {
        "nixpkgs": "nixpkgs"
      }
    }
  },
  "root": "root",
  "version": 7
}
